
Microsoft Visual Studio Solution File, Format Version 12.00
# Visual Studio Version 17
VisualStudioVersion = 17.0.31903.59
MinimumVisualStudioVersion = 10.0.40219.1
Project("{2150E333-8FDC-42A3-9474-1A3956D46DE8}") = "src", "src", "{827E0CD3-B72D-47B6-A68D-7590B98EB39B}"
EndProject
Project("{FAE04EC0-301F-11D3-BF4B-00C04F79EFBC}") = "LCReplay.Core", "src\LCReplay.Core\LCReplay.Core.csproj", "{8B2AA409-CE9B-489E-926D-45B8F0CDBB7A}"
EndProject
Project("{FAE04EC0-301F-11D3-BF4B-00C04F79EFBC}") = "LCReplay.Plugin", "src\LCReplay.Plugin\LCReplay.Plugin.csproj", "{76C5E6F9-1DDE-4205-80DB-EA914A50138C}"
EndProject
Project("{2150E333-8FDC-42A3-9474-1A3956D46DE8}") = "tests", "tests", "{0AB3BF05-4346-4AA6-1389-037BE0695223}"
EndProject
Project("{FAE04EC0-301F-11D3-BF4B-00C04F79EFBC}") = "LCReplay.Core.Tests", "tests\LCReplay.Core.Tests\LCReplay.Core.Tests.csproj", "{B3B26D80-86EB-4A0E-9C84-85373DD21CCC}"
EndProject
Project("{2150E333-8FDC-42A3-9474-1A3956D46DE8}") = "tools", "tools", "{07C2787E-EAC7-C090-1BA3-A61EC2A24D84}"
EndProject
Project("{FAE04EC0-301F-11D3-BF4B-00C04F79EFBC}") = "LCReplay.Cli", "tools\LCReplay.Cli\LCReplay.Cli.csproj", "{0CA196A1-B85B-4293-A42E-E2A5F2A0A700}"
EndProject
Project("{FAE04EC0-301F-11D3-BF4B-00C04F79EFBC}") = "LCReplay.Archive.Tests", "tests\LCReplay.Archive.Tests\LCReplay.Archive.Tests.csproj", "{B5345F5B-21AC-4E4A-9B79-E168644FA6FB}"
EndProject
Project("{FAE04EC0-301F-11D3-BF4B-00C04F79EFBC}") = "LCReplay.Lifecycle.Tests", "tests\LCReplay.Lifecycle.Tests\LCReplay.Lifecycle.Tests.csproj", "{E727A536-9449-4FCB-8AEC-0F1264C83D68}"
EndProject
Global
	GlobalSection(SolutionConfigurationPlatforms) = preSolution
		Debug|Any CPU = Debug|Any CPU
		Debug|x64 = Debug|x64
		Debug|x86 = Debug|x86
		Release|Any CPU = Release|Any CPU
		Release|x64 = Release|x64
		Release|x86 = Release|x86
	EndGlobalSection
	GlobalSection(ProjectConfigurationPlatforms) = postSolution
		{8B2AA409-CE9B-489E-926D-45B8F0CDBB7A}.Debug|Any CPU.ActiveCfg = Debug|Any CPU
		{8B2AA409-CE9B-489E-926D-45B8F0CDBB7A}.Debug|Any CPU.Build.0 = Debug|Any CPU
		{8B2AA409-CE9B-489E-926D-45B8F0CDBB7A}.Debug|x64.ActiveCfg = Debug|Any CPU
		{8B2AA409-CE9B-489E-926D-45B8F0CDBB7A}.Debug|x64.Build.0 = Debug|Any CPU
		{8B2AA409-CE9B-489E-926D-45B8F0CDBB7A}.Debug|x86.ActiveCfg = Debug|Any CPU
		{8B2AA409-CE9B-489E-926D-45B8F0CDBB7A}.Debug|x86.Build.0 = Debug|Any CPU
		{8B2AA409-CE9B-489E-926D-45B8F0CDBB7A}.Release|Any CPU.ActiveCfg = Release|Any CPU
		{8B2AA409-CE9B-489E-926D-45B8F0CDBB7A}.Release|Any CPU.Build.0 = Release|Any CPU
		{8B2AA409-CE9B-489E-926D-45B8F0CDBB7A}.Release|x64.ActiveCfg = Release|Any CPU
		{8B2AA409-CE9B-489E-926D-45B8F0CDBB7A}.Release|x64.Build.0 = Release|Any CPU
		{8B2AA409-CE9B-489E-926D-45B8F0CDBB7A}.Release|x86.ActiveCfg = Release|Any CPU
		{8B2AA409-CE9B-489E-926D-45B8F0CDBB7A}.Release|x86.Build.0 = Release|Any CPU
		{76C5E6F9-1DDE-4205-80DB-EA914A50138C}.Debug|Any CPU.ActiveCfg = Debug|Any CPU
		{76C5E6F9-1DDE-4205-80DB-EA914A50138C}.Debug|Any CPU.Build.0 = Debug|Any CPU
		{76C5E6F9-1DDE-4205-80DB-EA914A50138C}.Debug|x64.ActiveCfg = Debug|Any CPU
		{76C5E6F9-1DDE-4205-80DB-EA914A50138C}.Debug|x64.Build.0 = Debug|Any CPU
		{76C5E6F9-1DDE-4205-80DB-EA914A50138C}.Debug|x86.ActiveCfg = Debug|Any CPU
		{76C5E6F9-1DDE-4205-80DB-EA914A50138C}.Debug|x86.Build.0 = Debug|Any CPU
		{76C5E6F9-1DDE-4205-80DB-EA914A50138C}.Release|Any CPU.ActiveCfg = Release|Any CPU
		{76C5E6F9-1DDE-4205-80DB-EA914A50138C}.Release|Any CPU.Build.0 = Release|Any CPU
		{76C5E6F9-1DDE-4205-80DB-EA914A50138C}.Release|x64.ActiveCfg = Release|Any CPU
		{76C5E6F9-1DDE-4205-80DB-EA914A50138C}.Release|x64.Build.0 = Release|Any CPU
		{76C5E6F9-1DDE-4205-80DB-EA914A50138C}.Release|x86.ActiveCfg = Release|Any CPU
		{76C5E6F9-1DDE-4205-80DB-EA914A50138C}.Release|x86.Build.0 = Release|Any CPU
		{B3B26D80-86EB-4A0E-9C84-85373DD21CCC}.Debug|Any CPU.ActiveCfg = Debug|Any CPU
		{B3B26D80-86EB-4A0E-9C84-85373DD21CCC}.Debug|Any CPU.Build.0 = Debug|Any CPU
		{B3B26D80-86EB-4A0E-9C84-85373DD21CCC}.Debug|x64.ActiveCfg = Debug|Any CPU
		{B3B26D80-86EB-4A0E-9C84-85373DD21CCC}.Debug|x64.Build.0 = Debug|Any CPU
		{B3B26D80-86EB-4A0E-9C84-85373DD21CCC}.Debug|x86.ActiveCfg = Debug|Any CPU
		{B3B26D80-86EB-4A0E-9C84-85373DD21CCC}.Debug|x86.Build.0 = Debug|Any CPU
		{B3B26D80-86EB-4A0E-9C84-85373DD21CCC}.Release|Any CPU.ActiveCfg = Release|Any CPU
		{B3B26D80-86EB-4A0E-9C84-85373DD21CCC}.Release|Any CPU.Build.0 = Release|Any CPU
		{B3B26D80-86EB-4A0E-9C84-85373DD21CCC}.Release|x64.ActiveCfg = Release|Any CPU
		{B3B26D80-86EB-4A0E-9C84-85373DD21CCC}.Release|x64.Build.0 = Release|Any CPU
		{B3B26D80-86EB-4A0E-9C84-85373DD21CCC}.Release|x86.ActiveCfg = Release|Any CPU
		{B3B26D80-86EB-4A0E-9C84-85373DD21CCC}.Release|x86.Build.0 = Release|Any CPU
		{0CA196A1-B85B-4293-A42E-E2A5F2A0A700}.Debug|Any CPU.ActiveCfg = Debug|Any CPU
		{0CA196A1-B85B-4293-A42E-E2A5F2A0A700}.Debug|Any CPU.Build.0 = Debug|Any CPU
		{0CA196A1-B85B-4293-A42E-E2A5F2A0A700}.Debug|x64.ActiveCfg = Debug|Any CPU
		{0CA196A1-B85B-4293-A42E-E2A5F2A0A700}.Debug|x64.Build.0 = Debug|Any CPU
		{0CA196A1-B85B-4293-A42E-E2A5F2A0A700}.Debug|x86.ActiveCfg = Debug|Any CPU
		{0CA196A1-B85B-4293-A42E-E2A5F2A0A700}.Debug|x86.Build.0 = Debug|Any CPU
		{0CA196A1-B85B-4293-A42E-E2A5F2A0A700}.Release|Any CPU.ActiveCfg = Release|Any CPU
		{0CA196A1-B85B-4293-A42E-E2A5F2A0A700}.Release|Any CPU.Build.0 = Release|Any CPU
		{0CA196A1-B85B-4293-A42E-E2A5F2A0A700}.Release|x64.ActiveCfg = Release|Any CPU
		{0CA196A1-B85B-4293-A42E-E2A5F2A0A700}.Release|x64.Build.0 = Release|Any CPU
		{0CA196A1-B85B-4293-A42E-E2A5F2A0A700}.Release|x86.ActiveCfg = Release|Any CPU
		{0CA196A1-B85B-4293-A42E-E2A5F2A0A700}.Release|x86.Build.0 = Release|Any CPU
		{B5345F5B-21AC-4E4A-9B79-E168644FA6FB}.Debug|Any CPU.ActiveCfg = Debug|Any CPU
		{B5345F5B-21AC-4E4A-9B79-E168644FA6FB}.Debug|Any CPU.Build.0 = Debug|Any CPU
		{B5345F5B-21AC-4E4A-9B79-E168644FA6FB}.Debug|x64.ActiveCfg = Debug|Any CPU
		{B5345F5B-21AC-4E4A-9B79-E168644FA6FB}.Debug|x64.Build.0 = Debug|Any CPU
		{B5345F5B-21AC-4E4A-9B79-E168644FA6FB}.Debug|x86.ActiveCfg = Debug|Any CPU
		{B5345F5B-21AC-4E4A-9B79-E168644FA6FB}.Debug|x86.Build.0 = Debug|Any CPU
		{B5345F5B-21AC-4E4A-9B79-E168644FA6FB}.Release|Any CPU.ActiveCfg = Release|Any CPU
		{B5345F5B-21AC-4E4A-9B79-E168644FA6FB}.Release|Any CPU.Build.0 = Release|Any CPU
		{B5345F5B-21AC-4E4A-9B79-E168644FA6FB}.Release|x64.ActiveCfg = Release|Any CPU
		{B5345F5B-21AC-4E4A-9B79-E168644FA6FB}.Release|x64.Build.0 = Release|Any CPU
		{B5345F5B-21AC-4E4A-9B79-E168644FA6FB}.Release|x86.ActiveCfg = Release|Any CPU
		{B5345F5B-21AC-4E4A-9B79-E168644FA6FB}.Release|x86.Build.0 = Release|Any CPU
		{E727A536-9449-4FCB-8AEC-0F1264C83D68}.Debug|Any CPU.ActiveCfg = Debug|Any CPU
		{E727A536-9449-4FCB-8AEC-0F1264C83D68}.Debug|Any CPU.Build.0 = Debug|Any CPU
		{E727A536-9449-4FCB-8AEC-0F1264C83D68}.Debug|x64.ActiveCfg = Debug|Any CPU
		{E727A536-9449-4FCB-8AEC-0F1264C83D68}.Debug|x64.Build.0 = Debug|Any CPU
		{E727A536-9449-4FCB-8AEC-0F1264C83D68}.Debug|x86.ActiveCfg = Debug|Any CPU
		{E727A536-9449-4FCB-8AEC-0F1264C83D68}.Debug|x86.Build.0 = Debug|Any CPU
		{E727A536-9449-4FCB-8AEC-0F1264C83D68}.Release|Any CPU.ActiveCfg = Release|Any CPU
		{E727A536-9449-4FCB-8AEC-0F1264C83D68}.Release|Any CPU.Build.0 = Release|Any CPU
		{E727A536-9449-4FCB-8AEC-0F1264C83D68}.Release|x64.ActiveCfg = Release|Any CPU
		{E727A536-9449-4FCB-8AEC-0F1264C83D68}.Release|x64.Build.0 = Release|Any CPU
		{E727A536-9449-4FCB-8AEC-0F1264C83D68}.Release|x86.ActiveCfg = Release|Any CPU
		{E727A536-9449-4FCB-8AEC-0F1264C83D68}.Release|x86.Build.0 = Release|Any CPU
	EndGlobalSection
	GlobalSection(SolutionProperties) = preSolution
		HideSolutionNode = FALSE
	EndGlobalSection
	GlobalSection(NestedProjects) = preSolution
		{8B2AA409-CE9B-489E-926D-45B8F0CDBB7A} = {827E0CD3-B72D-47B6-A68D-7590B98EB39B}
		{76C5E6F9-1DDE-4205-80DB-EA914A50138C} = {827E0CD3-B72D-47B6-A68D-7590B98EB39B}
		{B3B26D80-86EB-4A0E-9C84-85373DD21CCC} = {0AB3BF05-4346-4AA6-1389-037BE0695223}
		{0CA196A1-B85B-4293-A42E-E2A5F2A0A700} = {07C2787E-EAC7-C090-1BA3-A61EC2A24D84}
		{B5345F5B-21AC-4E4A-9B79-E168644FA6FB} = {0AB3BF05-4346-4AA6-1389-037BE0695223}
		{E727A536-9449-4FCB-8AEC-0F1264C83D68} = {0AB3BF05-4346-4AA6-1389-037BE0695223}
	EndGlobalSection
EndGlobal
